<Solution>
  <Folder Name="/Solution Items/">
    <File Path="Claude--dangerously-skip-permissions.cmd" />
    <File Path="LICENSE.txt" />
    <File Path="README.md" />
  </Folder>
  <Project Path="GoswickRanchResearch/GoswickRanchResearch.shproj" Id="e71e12df-1121-4d84-a5d7-c7b67053e0ce" />
</Solution>
